
Microsoft Visual Studio Solution File, Format Version 12.00
# Visual Studio Version 16
VisualStudioVersion = 16.0.32002.261
MinimumVisualStudioVersion = 10.0.40219.1
Project("{8BC9CEB8-8B4A-11D0-8D11-00A0C91BC942}") = "超期图书管理系统2", "超期图书管理系统2.vcxproj", "{60739C17-7007-4682-9625-191660AB8D65}"
EndProject
Global
	GlobalSection(SolutionConfigurationPlatforms) = preSolution
		Debug|x64 = Debug|x64
		Debug|x86 = Debug|x86
		Release|x64 = Release|x64
		Release|x86 = Release|x86
	EndGlobalSection
	GlobalSection(ProjectConfigurationPlatforms) = postSolution
		{60739C17-7007-4682-9625-191660AB8D65}.Debug|x64.ActiveCfg = Debug|x64
		{60739C17-7007-4682-9625-191660AB8D65}.Debug|x64.Build.0 = Debug|x64
		{60739C17-7007-4682-9625-191660AB8D65}.Debug|x86.ActiveCfg = Debug|Win32
		{60739C17-7007-4682-9625-191660AB8D65}.Debug|x86.Build.0 = Debug|Win32
		{60739C17-7007-4682-9625-191660AB8D65}.Release|x64.ActiveCfg = Release|x64
		{60739C17-7007-4682-9625-191660AB8D65}.Release|x64.Build.0 = Release|x64
		{60739C17-7007-4682-9625-191660AB8D65}.Release|x86.ActiveCfg = Release|Win32
		{60739C17-7007-4682-9625-191660AB8D65}.Release|x86.Build.0 = Release|Win32
	EndGlobalSection
	GlobalSection(SolutionProperties) = preSolution
		HideSolutionNode = FALSE
	EndGlobalSection
	GlobalSection(ExtensibilityGlobals) = postSolution
		SolutionGuid = {81E9F77E-61ED-4422-AF44-07277D6228DF}
	EndGlobalSection
EndGlobal
