
Microsoft Visual Studio Solution File, Format Version 12.00
# Visual Studio Version 17
VisualStudioVersion = 17.0.32112.339
MinimumVisualStudioVersion = 10.0.40219.1
Project("{8BC9CEB8-8B4A-11D0-8D11-00A0C91BC942}") = "指向函数的指针1", "指向函数的指针1\指向函数的指针1.vcxproj", "{D04E3A3D-D2BC-40AA-905F-146249A5261A}"
EndProject
Global
	GlobalSection(SolutionConfigurationPlatforms) = preSolution
		Debug|x64 = Debug|x64
		Debug|x86 = Debug|x86
		Release|x64 = Release|x64
		Release|x86 = Release|x86
	EndGlobalSection
	GlobalSection(ProjectConfigurationPlatforms) = postSolution
		{D04E3A3D-D2BC-40AA-905F-146249A5261A}.Debug|x64.ActiveCfg = Debug|x64
		{D04E3A3D-D2BC-40AA-905F-146249A5261A}.Debug|x64.Build.0 = Debug|x64
		{D04E3A3D-D2BC-40AA-905F-146249A5261A}.Debug|x86.ActiveCfg = Debug|Win32
		{D04E3A3D-D2BC-40AA-905F-146249A5261A}.Debug|x86.Build.0 = Debug|Win32
		{D04E3A3D-D2BC-40AA-905F-146249A5261A}.Release|x64.ActiveCfg = Release|x64
		{D04E3A3D-D2BC-40AA-905F-146249A5261A}.Release|x64.Build.0 = Release|x64
		{D04E3A3D-D2BC-40AA-905F-146249A5261A}.Release|x86.ActiveCfg = Release|Win32
		{D04E3A3D-D2BC-40AA-905F-146249A5261A}.Release|x86.Build.0 = Release|Win32
	EndGlobalSection
	GlobalSection(SolutionProperties) = preSolution
		HideSolutionNode = FALSE
	EndGlobalSection
	GlobalSection(ExtensibilityGlobals) = postSolution
		SolutionGuid = {33C00661-67AB-4C55-A86B-C7AB8AA710D0}
	EndGlobalSection
EndGlobal
