
Microsoft Visual Studio Solution File, Format Version 12.00
# Visual Studio Version 17
VisualStudioVersion = 17.0.32112.339
MinimumVisualStudioVersion = 10.0.40219.1
Project("{8BC9CEB8-8B4A-11D0-8D11-00A0C91BC942}") = "返回指针值的函数", "返回指针值的函数\返回指针值的函数.vcxproj", "{E4584DC2-B1D2-410B-B3E9-407C0DE5A7FA}"
EndProject
Global
	GlobalSection(SolutionConfigurationPlatforms) = preSolution
		Debug|x64 = Debug|x64
		Debug|x86 = Debug|x86
		Release|x64 = Release|x64
		Release|x86 = Release|x86
	EndGlobalSection
	GlobalSection(ProjectConfigurationPlatforms) = postSolution
		{E4584DC2-B1D2-410B-B3E9-407C0DE5A7FA}.Debug|x64.ActiveCfg = Debug|x64
		{E4584DC2-B1D2-410B-B3E9-407C0DE5A7FA}.Debug|x64.Build.0 = Debug|x64
		{E4584DC2-B1D2-410B-B3E9-407C0DE5A7FA}.Debug|x86.ActiveCfg = Debug|Win32
		{E4584DC2-B1D2-410B-B3E9-407C0DE5A7FA}.Debug|x86.Build.0 = Debug|Win32
		{E4584DC2-B1D2-410B-B3E9-407C0DE5A7FA}.Release|x64.ActiveCfg = Release|x64
		{E4584DC2-B1D2-410B-B3E9-407C0DE5A7FA}.Release|x64.Build.0 = Release|x64
		{E4584DC2-B1D2-410B-B3E9-407C0DE5A7FA}.Release|x86.ActiveCfg = Release|Win32
		{E4584DC2-B1D2-410B-B3E9-407C0DE5A7FA}.Release|x86.Build.0 = Release|Win32
	EndGlobalSection
	GlobalSection(SolutionProperties) = preSolution
		HideSolutionNode = FALSE
	EndGlobalSection
	GlobalSection(ExtensibilityGlobals) = postSolution
		SolutionGuid = {74F416FD-66C1-4543-BC5C-80F4FA99290D}
	EndGlobalSection
EndGlobal
