
Microsoft Visual Studio Solution File, Format Version 12.00
# Visual Studio Version 17
VisualStudioVersion = 17.0.32112.339
MinimumVisualStudioVersion = 10.0.40219.1
Project("{8BC9CEB8-8B4A-11D0-8D11-00A0C91BC942}") = "addword", "addword.vcxproj", "{227164F1-4F4D-4046-8C6A-B56582AC792F}"
EndProject
Global
	GlobalSection(SolutionConfigurationPlatforms) = preSolution
		Debug|x64 = Debug|x64
		Debug|x86 = Debug|x86
		Release|x64 = Release|x64
		Release|x86 = Release|x86
	EndGlobalSection
	GlobalSection(ProjectConfigurationPlatforms) = postSolution
		{227164F1-4F4D-4046-8C6A-B56582AC792F}.Debug|x64.ActiveCfg = Debug|x64
		{227164F1-4F4D-4046-8C6A-B56582AC792F}.Debug|x64.Build.0 = Debug|x64
		{227164F1-4F4D-4046-8C6A-B56582AC792F}.Debug|x86.ActiveCfg = Debug|Win32
		{227164F1-4F4D-4046-8C6A-B56582AC792F}.Debug|x86.Build.0 = Debug|Win32
		{227164F1-4F4D-4046-8C6A-B56582AC792F}.Release|x64.ActiveCfg = Release|x64
		{227164F1-4F4D-4046-8C6A-B56582AC792F}.Release|x64.Build.0 = Release|x64
		{227164F1-4F4D-4046-8C6A-B56582AC792F}.Release|x86.ActiveCfg = Release|Win32
		{227164F1-4F4D-4046-8C6A-B56582AC792F}.Release|x86.Build.0 = Release|Win32
	EndGlobalSection
	GlobalSection(SolutionProperties) = preSolution
		HideSolutionNode = FALSE
	EndGlobalSection
	GlobalSection(ExtensibilityGlobals) = postSolution
		SolutionGuid = {C4375337-06B0-419F-8C98-DF92680E5268}
	EndGlobalSection
EndGlobal
